
Microsoft Visual Studio Solution File, Format Version 12.00
# Visual Studio Version 16
VisualStudioVersion = 16.0.808.9
MinimumVisualStudioVersion = 10.0.40219.1
Project("{FAE04EC0-301F-11D3-BF4B-00C04F79EFBC}") = "TesteClasses", "TesteClasses\TesteClasses.csproj", "{6FFB7891-25EE-430B-A4C0-EAAECF1C7B4A}"
EndProject
Global
	GlobalSection(SolutionConfigurationPlatforms) = preSolution
		Debug|Any CPU = Debug|Any CPU
		Release|Any CPU = Release|Any CPU
	EndGlobalSection
	GlobalSection(ProjectConfigurationPlatforms) = postSolution
		{6FFB7891-25EE-430B-A4C0-EAAECF1C7B4A}.Debug|Any CPU.ActiveCfg = Debug|Any CPU
		{6FFB7891-25EE-430B-A4C0-EAAECF1C7B4A}.Debug|Any CPU.Build.0 = Debug|Any CPU
		{6FFB7891-25EE-430B-A4C0-EAAECF1C7B4A}.Release|Any CPU.ActiveCfg = Release|Any CPU
		{6FFB7891-25EE-430B-A4C0-EAAECF1C7B4A}.Release|Any CPU.Build.0 = Release|Any CPU
	EndGlobalSection
	GlobalSection(SolutionProperties) = preSolution
		HideSolutionNode = FALSE
	EndGlobalSection
	GlobalSection(ExtensibilityGlobals) = postSolution
		SolutionGuid = {2F5F87AA-C893-4599-879A-F19A7370F1CD}
	EndGlobalSection
EndGlobal
